
Microsoft Visual Studio Solution File, Format Version 12.00
# Visual Studio 14
VisualStudioVersion = 14.0.25420.1
MinimumVisualStudioVersion = 10.0.40219.1
Project("{FAE04EC0-301F-11D3-BF4B-00C04F79EFBC}") = "ASP.NET WebService", "ASP.NET WebService\ASP.NET WebService.csproj", "{997A9E4F-8C47-4B02-8C30-136986CC710B}"
EndProject
Project("{FAE04EC0-301F-11D3-BF4B-00C04F79EFBC}") = "ASP.NET WebService.Tests", "ASP.NET WebService.Tests\ASP.NET WebService.Tests.csproj", "{0D41D2A8-A916-4FDF-AFFD-EB908550FFCF}"
EndProject
Global
	GlobalSection(SolutionConfigurationPlatforms) = preSolution
		Debug|Any CPU = Debug|Any CPU
		Release|Any CPU = Release|Any CPU
	EndGlobalSection
	GlobalSection(ProjectConfigurationPlatforms) = postSolution
		{997A9E4F-8C47-4B02-8C30-136986CC710B}.Debug|Any CPU.ActiveCfg = Debug|Any CPU
		{997A9E4F-8C47-4B02-8C30-136986CC710B}.Debug|Any CPU.Build.0 = Debug|Any CPU
		{997A9E4F-8C47-4B02-8C30-136986CC710B}.Release|Any CPU.ActiveCfg = Release|Any CPU
		{997A9E4F-8C47-4B02-8C30-136986CC710B}.Release|Any CPU.Build.0 = Release|Any CPU
		{0D41D2A8-A916-4FDF-AFFD-EB908550FFCF}.Debug|Any CPU.ActiveCfg = Debug|Any CPU
		{0D41D2A8-A916-4FDF-AFFD-EB908550FFCF}.Debug|Any CPU.Build.0 = Debug|Any CPU
		{0D41D2A8-A916-4FDF-AFFD-EB908550FFCF}.Release|Any CPU.ActiveCfg = Release|Any CPU
		{0D41D2A8-A916-4FDF-AFFD-EB908550FFCF}.Release|Any CPU.Build.0 = Release|Any CPU
	EndGlobalSection
	GlobalSection(SolutionProperties) = preSolution
		HideSolutionNode = FALSE
	EndGlobalSection
EndGlobal
